lockfileVersion: '9.0'

settings:
  autoInstallPeers: true
  excludeLinksFromLockfile: false

overrides:
  lodash@<=4.17.23: ^4.17.24
  lodash@>=4.0.0 <=4.17.22: ^4.17.23
  lodash@>=4.0.0 <=4.17.23: ^4.17.24

importers:

  .:
    dependencies:
      '@penpot/svgo':
        specifier: penpot/svgo#3.3.0
        version: https://codeload.github.com/penpot/svgo/tar.gz/65b3a645df9edbe3c00acf4267dd06c2ca736021
      archiver:
        specifier: 8.0.0
        version: 8.0.0
      cookies:
        specifier: ^0.9.1
        version: 0.9.1
      date-fns:
        specifier: ^4.4.0
        version: 4.4.0
      generic-pool:
        specifier: ^3.9.0
        version: 3.9.0
      inflation:
        specifier: ^2.1.0
        version: 2.1.0
      ioredis:
        specifier: ^5.11.1
        version: 5.11.1
      playwright:
        specifier: ^1.61.0
        version: 1.61.0
      raw-body:
        specifier: ^3.0.2
        version: 3.0.2
      source-map-support:
        specifier: ^0.5.21
        version: 0.5.21
      undici:
        specifier: ^8.4.1
        version: 8.4.1
      xml-js:
        specifier: ^1.6.11
        version: 1.6.11
      xregexp:
        specifier: ^5.1.2
        version: 5.1.2
    devDependencies:
      ws:
        specifier: ^8.21.0
        version: 8.21.0

packages:

  '@babel/runtime-corejs3@7.29.7':
    resolution: {integrity: sha512-ppj9ouYku+RX0ljtgZd+KMO5mkM2bCqg8H2PYAFWnLsHEIKIdRojqbJ2i3eVHrisuxy7nOFCmngTDdWtUCdXUQ==}
    engines: {node: '>=6.9.0'}

  '@ioredis/commands@1.10.0':
    resolution: {integrity: sha512-UmeW7z4LfctwoQ5wkhVzgq8tXkreED2xZGpX+Bg+zA+WJFZCT6c062AfCK/Dfk81xZnnwdhJCUMkitihRaoC2Q==}

  '@penpot/svgo@https://codeload.github.com/penpot/svgo/tar.gz/65b3a645df9edbe3c00acf4267dd06c2ca736021':
    resolution: {gitHosted: true, integrity: sha512-hG/pgVEWhmHEFMU+evGZkB5kHauff5Zo6ZO+Ro7HY0efsQTJft6svM4isH5jDISeSVrZ1CDGnhWBXuqkztsTWw==, tarball: https://codeload.github.com/penpot/svgo/tar.gz/65b3a645df9edbe3c00acf4267dd06c2ca736021}
    version: 3.3.0

  abort-controller@3.0.0:
    resolution: {integrity: sha512-h8lQ8tacZYnR3vNQTgibj+tODHI5/+l06Au2Pcriv/Gmet0eaj4TwWH41sO9wnHDiQsEj19q0drzdWdeAHtweg==}
    engines: {node: '>=6.5'}

  archiver@8.0.0:
    resolution: {integrity: sha512-fV1orZfsnPn9BaSByR/qE67rJCLJEy2Ox5bq7nJh+jquWaNh6Sfec75kJ2T6PtdGUbPQlrVoSVCEOa5SdiTQ1g==}
    engines: {node: '>=18'}

  async@3.2.6:
    resolution: {integrity: sha512-htCUDlxyyCLMgaM3xXg0C0LW2xqfuQ6p05pCEIsXuyQ+a1koYKTuBMzRNwmybfLgvJDMd0r1LTn4+E0Ti6C2AA==}

  b4a@1.8.1:
    resolution: {integrity: sha512-aiqre1Nr0B/6DgE2N5vwTc+2/oQZ4Wh1t4NznYY4E00y8LCt6NqdRv81so00oo27D8MVKTpUa/MwUUtBLXCoDw==}
    peerDependencies:
      react-native-b4a: '*'
    peerDependenciesMeta:
      react-native-b4a:
        optional: true

  balanced-match@4.0.4:
    resolution: {integrity: sha512-BLrgEcRTwX2o6gGxGOCNyMvGSp35YofuYzw9h1IMTRmKqttAZZVU67bdb9Pr2vUHA8+j3i2tJfjO6C6+4myGTA==}
    engines: {node: 18 || 20 || >=22}

  bare-events@2.9.1:
    resolution: {integrity: sha512-Z0oHEHAFDZkffN8Qc39zNZjQlMDkPJRyyyZieU1VH7u8c5S+qHZ2S8ixdKIAxEjfHO7FJxXmJWgteOghVanIsg==}
    peerDependencies:
      bare-abort-controller: '*'
    peerDependenciesMeta:
      bare-abort-controller:
        optional: true

  bare-fs@4.7.2:
    resolution: {integrity: sha512-aTvMFUWkBmjzKtEQMDGGDNF8bkfpD5N1b/FCwt7A3wrU4t1o/e/85Wzkluh6JlODCjqVESYCkQCdTXqZ9G7VFg==}
    engines: {bare: '>=1.16.0'}
    peerDependencies:
      bare-buffer: '*'
    peerDependenciesMeta:
      bare-buffer:
        optional: true

  bare-os@3.9.1:
    resolution: {integrity: sha512-6M5XjcnsygQNPMCMPXSK379xrJFiZ/AEMNBmFEmQW8d/789VQATvriyi5r0HYTL9TkQ26rn3kgdTG3aisbrXkQ==}
    engines: {bare: '>=1.14.0'}

  bare-path@3.0.1:
    resolution: {integrity: sha512-ghj2DSK/2e99a1anTVPCV4m4YIYtrbXhfM7V3D7XZLOTsybnYyaJloymGqssQc8l/or0UoDyRtNQkmkEF/ysgQ==}

  bare-stream@2.13.1:
    resolution: {integrity: sha512-Vp0cnjYyrEC4whYTymQ+YZi6pBpfiICZO3cfRG8sy67ZNWe951urv1x4eW1BKNngw3U+3fPYb5JQvHbCtxH7Ow==}
    peerDependencies:
      bare-abort-controller: '*'
      bare-buffer: '*'
      bare-events: '*'
    peerDependenciesMeta:
      bare-abort-controller:
        optional: true
      bare-buffer:
        optional: true
      bare-events:
        optional: true

  bare-url@2.4.5:
    resolution: {integrity: sha512-K+y9xF1tN+CdPu4qWwr0QiK1Al07eFPGYK5M2pDXcmHdMdgC/tT/bpmMe1hrmRHaidKLkXrC+cRNYf3XVDUhSQ==}

  base64-js@1.5.1:
    resolution: {integrity: sha512-AKpaYlHn8t4SVbOHCy+b5+KKgvR4vrsD8vbvrbiQJps7fKDTkjkDry6ji0rUJjC0kzbNePLwzxq8iypo41qeWA==}

  boolbase@2.0.0:
    resolution: {integrity: sha512-DkVaaQHymRhpYEYo9x1oo7Q7B0Y6KJUsjm3c9eTyFDby4MHLBTwZ6ZDWBel5zrYxj1WsZgC5oLpiz+93MluXeA==}
    engines: {node: '>=20.19.0'}

  brace-expansion@5.0.6:
    resolution: {integrity: sha512-kLpxurY4Z4r9sgMsyG0Z9uzsBlgiU/EFKhj/h91/8yHu0edo7XuixOIH3VcJ8kkxs6/jPzoI6U9Vj3WqbMQ94g==}
    engines: {node: 18 || 20 || >=22}

  buffer-crc32@1.0.0:
    resolution: {integrity: sha512-Db1SbgBS/fg/392AblrMJk97KggmvYhr4pB5ZIMTWtaivCPMWLkmb7m21cJvpvgK+J3nsU2CmmixNBZx4vFj/w==}
    engines: {node: '>=8.0.0'}

  buffer-from@1.1.2:
    resolution: {integrity: sha512-E+XQCRwSbaaiChtv6k6Dwgc+bx+Bs6vuKJHHl5kox/BaKbhiXzqQOwK4cO22yElGp2OCmjwVhT3HmxgyPGnJfQ==}

  buffer@6.0.3:
    resolution: {integrity: sha512-FTiCpNxtwiZZHEZbcbTIcZjERVICn9yq/pDFkTl95/AxzD1naBctN7YO68riM/gLSDY7sdrMby8hofADYuuqOA==}

  bytes@3.1.2:
    resolution: {integrity: sha512-/Nf7TyzTx6S3yRJObOAV7956r8cr2+Oj8AC5dt8wSP3BQAoeX58NoHyCU8P8zGkNXStjTSi6fzO6F0pBdcYbEg==}
    engines: {node: '>= 0.8'}

  cluster-key-slot@1.1.1:
    resolution: {integrity: sha512-rwHwUfXL40Chm1r08yrhU3qpUvdVlgkKNeyeGPOxnW8/SyVDvgRaed/Uz54AqWNaTCAThlj6QAs3TZcKI0xDEw==}
    engines: {node: '>=0.10.0'}

  compress-commons@7.0.1:
    resolution: {integrity: sha512-g0S8KAD8qf4+V//pr3BfB1aBnARLXNz2Gx+jmHU0LEriUuoQUOPOulVquHKTJ8+EAIIO7fhseNDr9wK5Q9FKBQ==}
    engines: {node: '>=18'}

  cookies@0.9.1:
    resolution: {integrity: sha512-TG2hpqe4ELx54QER/S3HQ9SRVnQnGBtKUz5bLQWtYAQ+o6GpgMs6sYUvaiJjVxb+UXwhRhAEP3m7LbsIZ77Hmw==}
    engines: {node: '>= 0.8'}

  core-js-pure@3.49.0:
    resolution: {integrity: sha512-XM4RFka59xATyJv/cS3O3Kml72hQXUeGRuuTmMYFxwzc9/7C8OYTaIR/Ji+Yt8DXzsFLNhat15cE/JP15HrCgw==}

  core-util-is@1.0.3:
    resolution: {integrity: sha512-ZQBvi1DcpJ4GDqanjucZ2Hj3wEO5pZDS89BWbkcrvdxksJorwUDDZamX9ldFkp9aw2lmBDLgkObEA4DWNJ9FYQ==}

  crc-32@1.2.2:
    resolution: {integrity: sha512-ROmzCKrTnOwybPcJApAA6WBWij23HVfGVNKqqrZpuyZOHqK2CwHSvpGuyt/UNNvaIjEd8X5IFGp4Mh+Ie1IHJQ==}
    engines: {node: '>=0.8'}
    hasBin: true

  crc32-stream@7.0.1:
    resolution: {integrity: sha512-IBWsY8xznyQrcHn8h4bC8/4ErNke5elzgG8GcqF4RFPw6aHkWWRc7Tgw6upjaTX/CT/yQgqYENkxYsTYN+hW2g==}
    engines: {node: '>=18'}

  css-select@7.0.0:
    resolution: {integrity: sha512-snmjEVXy+1LnwXdxhYvTMj1d9tOh4HxkA1YmoayVBeeyR2C14Pum7fcxJIm4SswYspVy866eYNwlH6xC3/VH5g==}
    engines: {node: '>=20.19.0'}

  css-tree@2.2.1:
    resolution: {integrity: sha512-OA0mILzGc1kCOCSJerOeqDxDQ4HOh+G8NbOJFOTgOCzpw7fCBubk0fEyxp8AgOL/jvLgYA/uV0cMbe43ElF1JA==}
    engines: {node: ^10 || ^12.20.0 || ^14.13.0 || >=15.0.0, npm: '>=7.0.0'}

  css-tree@3.2.1:
    resolution: {integrity: sha512-X7sjQzceUhu1u7Y/ylrRZFU2FS6LRiFVp6rKLPg23y3x3c3DOKAwuXGDp+PAGjh6CSnCjYeAul8pcT8bAl+lSA==}
    engines: {node: ^10 || ^12.20.0 || ^14.13.0 || >=15.0.0}

  css-what@8.0.0:
    resolution: {integrity: sha512-DH0Bqq3DNp5tdOReuNyAA+Ev4Y2GS5FMbZpeTLP6C4CDi0h5nL0BmUPChXw3o/qbHLDWHl49sbNqQVY7bMSDdw==}
    engines: {node: '>=20.19.0'}

  csso@5.0.5:
    resolution: {integrity: sha512-0LrrStPOdJj+SPCCrGhzryycLjwcgUSHBtxNA8aIDxf0GLsRh1cKYhB00Gd1lDOS4yGH69+SNn13+TWbVHETFQ==}
    engines: {node: ^10 || ^12.20.0 || ^14.13.0 || >=15.0.0, npm: '>=7.0.0'}

  date-fns@4.4.0:
    resolution: {integrity: sha512-+1UMbeh68lH1SegH83CGWwpb6OHHbpSgr3+s5Eww5M4CAgswBpoWS0AjTOfEJ33HiYKz1hdj/KTFprzXHmq/6w==}

  debug@4.4.3:
    resolution: {integrity: sha512-RGwwWnwQvkVfavKVt22FGLw+xYSdzARwm0ru6DhTVA3umU5hZc28V3kO4stgYryrTlLpuvgI9GiijltAjNbcqA==}
    engines: {node: '>=6.0'}
    peerDependencies:
      supports-color: '*'
    peerDependenciesMeta:
      supports-color:
        optional: true

  denque@2.1.0:
    resolution: {integrity: sha512-HVQE3AAb/pxF8fQAoiqpvg9i3evqug3hoiwakOyZAwJm+6vZehbkYXZ0l4JxS+I3QxM97v5aaRNhj8v5oBhekw==}
    engines: {node: '>=0.10'}

  depd@2.0.0:
    resolution: {integrity: sha512-g7nH6P6dyDioJogAAGprGpCtVImJhpPk/roCzdb3fIh61/s/nPsfR6onyMwkCAR/OlC3yBC0lESvUoQEAssIrw==}
    engines: {node: '>= 0.8'}

  dom-serializer@3.1.1:
    resolution: {integrity: sha512-4MEa38/QexBob6gFNwu+EGdWvhJ1OKuNwdYY3Y3NyeWDQfnGeDYQUDfIRzWu5B5gsv03so2Uxd28YC6zrsx3Lw==}
    engines: {node: '>=20.19.0'}

  domelementtype@3.0.0:
    resolution: {integrity: sha512-umCQid3jKbDmVjx8jGaW7uUykm4DEUeyV21hPxNMo2nV955DhUThwqyOIDtreepP31hl84X7G5U9ZfsWvIB3Pg==}
    engines: {node: '>=20.19.0'}

  domhandler@6.0.1:
    resolution: {integrity: sha512-gYzvtM72ZtxQO0T048kd6HWSbbGCNOUwcnfQ01cqIJ4X2IYKFFHZ5mKvrQETcFXxsRObZulDaKmy//R7TPtsBg==}
    engines: {node: '>=20.19.0'}

  domutils@4.0.2:
    resolution: {integrity: sha512-qI4JLRKnSzqFqr7hAlS5xQDusBCjKSEG4t4+7aNrIQMHBcsC2TGEhuyABJdYkgSewL57PNLYEiibY2iPKhKpaA==}
    engines: {node: '>=20.19.0'}

  entities@8.0.0:
    resolution: {integrity: sha512-zwfzJecQ/Uej6tusMqwAqU/6KL2XaB2VZ2Jg54Je6ahNBGNH6Ek6g3jjNCF0fG9EWQKGZNddNjU5F1ZQn/sBnA==}
    engines: {node: '>=20.19.0'}

  event-target-shim@5.0.1:
    resolution: {integrity: sha512-i/2XbnSz/uxRCU6+NdVJgKWDTM427+MqYbkQzD321DuCQJUqOuJKIA0IM2+W2xtYHdKOmZ4dR6fExsd4SXL+WQ==}
    engines: {node: '>=6'}

  events-universal@1.0.1:
    resolution: {integrity: sha512-LUd5euvbMLpwOF8m6ivPCbhQeSiYVNb8Vs0fQ8QjXo0JTkEHpz8pxdQf0gStltaPpw0Cca8b39KxvK9cfKRiAw==}

  events@3.3.0:
    resolution: {integrity: sha512-mQw+2fkQbALzQ7V0MY0IqdnXNOeTtP4r0lN9z7AAawCXgqea7bDii20AYrIBrFd/Hx0M2Ocz6S111CaFkUcb0Q==}
    engines: {node: '>=0.8.x'}

  fast-fifo@1.3.2:
    resolution: {integrity: sha512-/d9sfos4yxzpwkDkuN7k2SqFKtYNmCTzgfEpz82x34IM9/zc8KGxQoXg1liNC/izpRM/MBdt44Nmx41ZWqk+FQ==}

  fsevents@2.3.2:
    resolution: {integrity: sha512-xiqMQR4xAeHTuB9uWm+fFRcIOgKBMiOBP+eXiyT7jsgVCq1bkVygt00oASowB7EdtpOHaaPgKt812P9ab+DDKA==}
    engines: {node: ^8.16.0 || ^10.6.0 || >=11.0.0}
    os: [darwin]

  generic-pool@3.9.0:
    resolution: {integrity: sha512-hymDOu5B53XvN4QT9dBmZxPX4CWhBPPLguTZ9MMFeFa/Kg0xWVfylOVNlJji/E7yTZWFd/q9GO5TxDLq156D7g==}
    engines: {node: '>= 4'}

  http-errors@2.0.1:
    resolution: {integrity: sha512-4FbRdAX+bSdmo4AUFuS0WNiPz8NgFt+r8ThgNWmlrjQjt1Q7ZR9+zTlce2859x4KSXrwIsaeTqDoKQmtP8pLmQ==}
    engines: {node: '>= 0.8'}

  iconv-lite@0.7.2:
    resolution: {integrity: sha512-im9DjEDQ55s9fL4EYzOAv0yMqmMBSZp6G0VvFyTMPKWxiSBHUj9NW/qqLmXUwXrrM7AvqSlTCfvqRb0cM8yYqw==}
    engines: {node: '>=0.10.0'}

  ieee754@1.2.1:
    resolution: {integrity: sha512-dcyqhDvX1C46lXZcVqCpK+FtMRQVdIMN6/Df5js2zouUsqG7I6sFxitIC+7KYK29KdXOLHdu9zL4sFnoVQnqaA==}

  inflation@2.1.0:
    resolution: {integrity: sha512-t54PPJHG1Pp7VQvxyVCJ9mBbjG3Hqryges9bXoOO6GExCPa+//i/d5GSuFtpx3ALLd7lgIAur6zrIlBQyJuMlQ==}
    engines: {node: '>= 0.8.0'}

  inherits@2.0.4:
    resolution: {integrity: sha512-k/vGaX4/Yla3WzyMCvTQOXYeIHvqOKtnqBduzTHpzpQZzAskKMhZ2K+EnBiSM9zGSoIFeMpXKxa4dYeZIQqewQ==}

  ioredis@5.11.1:
    resolution: {integrity: sha512-ehuGcf94bQXhfagULNXrJdfnWO38v070jxSx/qE87Kjzmu2fU7ro5EFAb+OPituLqgfyuQaym5DlrNydW2sJ9A==}
    engines: {node: '>=12.22.0'}

  is-stream@4.0.1:
    resolution: {integrity: sha512-Dnz92NInDqYckGEUJv689RbRiTSEHCQ7wOVeALbkOz999YpqT46yMRIGtSNl2iCL1waAZSx40+h59NV/EwzV/A==}
    engines: {node: '>=18'}

  isarray@1.0.0:
    resolution: {integrity: sha512-VLghIWNM6ELQzo7zwmcg0NmTVyWKYjvIeM83yjp0wRDTmUnrM678fQbcKBo6n2CJEF0szoG//ytg+TKla89ALQ==}

  keygrip@1.1.0:
    resolution: {integrity: sha512-iYSchDJ+liQ8iwbSI2QqsQOvqv58eJCEanyJPJi+Khyu8smkcKSFUCbPwzFcL7YVtZ6eONjqRX/38caJ7QjRAQ==}
    engines: {node: '>= 0.6'}

  lazystream@1.0.1:
    resolution: {integrity: sha512-b94GiNHQNy6JNTrt5w6zNyffMrNkXZb3KTkCZJb2V1xaEGCk093vkZ2jk3tpaeP33/OiXC+WvK9AxUebnf5nbw==}
    engines: {node: '>= 0.6.3'}

  lodash@4.18.1:
    resolution: {integrity: sha512-dMInicTPVE8d1e5otfwmmjlxkZoUpiVLwyeTdUsi/Caj/gfzzblBcCE5sRHV/AsjuCmxWrte2TNGSYuCeCq+0Q==}

  mdn-data@2.0.28:
    resolution: {integrity: sha512-aylIc7Z9y4yzHYAJNuESG3hfhC+0Ibp/MAMiaOZgNv4pmEdFyfZhhhny4MNiAfWdBQ1RQ2mfDWmM1x8SvGyp8g==}

  mdn-data@2.27.1:
    resolution: {integrity: sha512-9Yubnt3e8A0OKwxYSXyhLymGW4sCufcLG6VdiDdUGVkPhpqLxlvP5vl1983gQjJl3tqbrM731mjaZaP68AgosQ==}

  minimatch@10.2.5:
    resolution: {integrity: sha512-MULkVLfKGYDFYejP07QOurDLLQpcjk7Fw+7jXS2R2czRQzR56yHRveU5NDJEOviH+hETZKSkIk5c+T23GjFUMg==}
    engines: {node: 18 || 20 || >=22}

  ms@2.1.3:
    resolution: {integrity: sha512-6FlzubTLZG3J2a/NVCAleEhjzq5oxgHyaCU9yYXvcLsvoVaHJq/s5xXI6/XXP6tz7R9xAOtHnSO/tXtF3WRTlA==}

  normalize-path@3.0.0:
    resolution: {integrity: sha512-6eZs5Ls3WtCisHWp9S2GUy8dqkpGi4BVSz3GaqiE6ezub0512ESztXUwUB6C6IKbQkY2Pnb/mD4WYojCRwcwLA==}
    engines: {node: '>=0.10.0'}

  nth-check@3.0.1:
    resolution: {integrity: sha512-GX0gsdbGVCgnRgbeGaubfjpBXyYRWOOCVeYh08bSQvDZqxz5ndXs1OTfAt/h36G1xvI94YIspsI0sVFqAV9+RQ==}
    engines: {node: '>=20.19.0'}

  playwright-core@1.61.0:
    resolution: {integrity: sha512-caX7TrY3Ml6egyDX0WUcTHDxodl/b51y5wJOdCEA36QviK/s2g081hvmGs8eaE3DWb6NYZQ6BjO/QkNRPenoPA==}
    engines: {node: '>=18'}
    hasBin: true

  playwright@1.61.0:
    resolution: {integrity: sha512-Z+7BeeqQPRRzklHsVFP4KTGIyMxKUmfeRA4WisM6G3/XW6nwGeX6fX9qYaDa+CiUqpOkb2f6X3nar05R3kSuJQ==}
    engines: {node: '>=18'}
    hasBin: true

  process-nextick-args@2.0.1:
    resolution: {integrity: sha512-3ouUOpQhtgrbOa17J7+uxOTpITYWaGP7/AhoR3+A+/1e9skrzelGi/dXzEYyvbxubEF6Wn2ypscTKiKJFFn1ag==}

  process@0.11.10:
    resolution: {integrity: sha512-cdGef/drWFoydD1JsMzuFf8100nZl+GT+yacc2bEced5f9Rjk4z+WtFUTBu9PhOi9j/jfmBPu0mMEY4wIdAF8A==}
    engines: {node: '>= 0.6.0'}

  raw-body@3.0.2:
    resolution: {integrity: sha512-K5zQjDllxWkf7Z5xJdV0/B0WTNqx6vxG70zJE4N0kBs4LovmEYWJzQGxC9bS9RAKu3bgM40lrd5zoLJ12MQ5BA==}
    engines: {node: '>= 0.10'}

  readable-stream@2.3.8:
    resolution: {integrity: sha512-8p0AUk4XODgIewSi0l8Epjs+EVnWiK7NoDIEGU0HhE7+ZyY8D1IMY7odu5lRrFXGg71L15KG8QrPmum45RTtdA==}

  readable-stream@4.7.0:
    resolution: {integrity: sha512-oIGGmcpTLwPga8Bn6/Z75SVaH1z5dUut2ibSyAMVhmUggWpmDn2dapB0n7f8nwaSiRtepAsfJyfXIO5DCVAODg==}
    engines: {node: ^12.22.0 || ^14.17.0 || >=16.0.0}

  readdir-glob@3.0.0:
    resolution: {integrity: sha512-AhNB2KgKeVJr16nK9LLZbJNWnYoT23ZrumNKFDebHBdkC8KHSqWo871JAUhoWC/RtjEVdqNMFpM6qrwRbaUqpw==}
    engines: {node: '>=18'}

  redis-errors@1.2.0:
    resolution: {integrity: sha512-1qny3OExCf0UvUV/5wpYKf2YwPcOqXzkwKKSmKHiE6ZMQs5heeE/c8eXK+PNllPvmjgAbfnsbpkGZWy8cBpn9w==}
    engines: {node: '>=4'}

  redis-parser@3.0.0:
    resolution: {integrity: sha512-DJnGAeenTdpMEH6uAJRK/uiyEIH9WVsUmoLwzudwGJUwZPp80PDBWPHXSAGNPwNvIXAbe7MSUB1zQFugFml66A==}
    engines: {node: '>=4'}

  safe-buffer@5.1.2:
    resolution: {integrity: sha512-Gd2UZBJDkXlY7GbJxfsE8/nvKkUEU1G38c1siN6QP6a9PT9MmHB8GnpscSmMJSoF8LOIrt8ud/wPtojys4G6+g==}

  safe-buffer@5.2.1:
    resolution: {integrity: sha512-rp3So07KcdmmKbGvgaNxQSJr7bGVSVk5S9Eq1F+ppbRo70+YeaDxkw5Dd8NPN+GD6bjnYm2VuPuCXmpuYvmCXQ==}

  safer-buffer@2.1.2:
    resolution: {integrity: sha512-YZo3K82SD7Riyi0E1EQPojLz7kpepnSQI9IyPbHHg1XXXevb5dJI7tpyN2ADxGcQbHG7vcyRHk0cbwqcQriUtg==}

  sax@1.6.0:
    resolution: {integrity: sha512-6R3J5M4AcbtLUdZmRv2SygeVaM7IhrLXu9BmnOGmmACak8fiUtOsYNWUS4uK7upbmHIBbLBeFeI//477BKLBzA==}
    engines: {node: '>=11.0.0'}

  setprototypeof@1.2.0:
    resolution: {integrity: sha512-E5LDX7Wrp85Kil5bhZv46j8jOeboKq5JMmYM3gVGdGH8xFpPWXUMsNrlODCrkoxMEeNi/XZIwuRvY4XNwYMJpw==}

  source-map-js@1.2.1:
    resolution: {integrity: sha512-UXWMKhLOwVKb728IUtQPXxfYU+usdybtUrK/8uGE8CQMvrhOpwvzDBwj0QhSL7MQc7vIsISBG8VQ8+IDQxpfQA==}
    engines: {node: '>=0.10.0'}

  source-map-support@0.5.21:
    resolution: {integrity: sha512-uBHU3L3czsIyYXKX88fdrGovxdSCoTGDRZ6SYXtSRxLZUzHg5P/66Ht6uoUlHu9EZod+inXhKo3qQgwXUT/y1w==}

  source-map@0.6.1:
    resolution: {integrity: sha512-UjgapumWlbMhkBgzT7Ykc5YXUT46F0iKu8SGXq0bcwP5dz/h0Plj6enJqjz1Zbq2l5WaqYnrVbwWOWMyF3F47g==}
    engines: {node: '>=0.10.0'}

  standard-as-callback@2.1.0:
    resolution: {integrity: sha512-qoRRSyROncaz1z0mvYqIE4lCd9p2R90i6GxW3uZv5ucSu8tU7B5HXUP1gG8pVZsYNVaXjk8ClXHPttLyxAL48A==}

  statuses@2.0.2:
    resolution: {integrity: sha512-DvEy55V3DB7uknRo+4iOGT5fP1slR8wQohVdknigZPMpMstaKJQWhwiYBACJE3Ul2pTnATihhBYnRhZQHGBiRw==}
    engines: {node: '>= 0.8'}

  streamx@2.27.0:
    resolution: {integrity: sha512-WZ189TKnHoAokYHvwzaAQMpd55cgUmFIcJFzBSgGcb886jau5DL+XdDhTWV4ps3FLvk+OORp0dLRTPsLZ21CSA==}

  string_decoder@1.1.1:
    resolution: {integrity: sha512-n/ShnvDi6FHbbVfviro+WojiFzv+s8MPMHBczVePfUpDJLwoLT0ht1l4YwBCbi8pJAveEEdnkHyPyTP/mzRfwg==}

  string_decoder@1.3.0:
    resolution: {integrity: sha512-hkRX8U1WjJFd8LsDJ2yQ/wWWxaopEsABU1XfkM8A+j0+85JAGppt16cr1Whg6KIbb4okU6Mql6BOj+uup/wKeA==}

  tar-stream@3.2.0:
    resolution: {integrity: sha512-ojzvCvVaNp6aOTFmG7jaRD0meowIAuPc3cMMhSgKiVWws1GyHbGd/xvnyuRKcKlMpt3qvxx6r0hreCNITP9hIg==}

  teex@1.0.1:
    resolution: {integrity: sha512-eYE6iEI62Ni1H8oIa7KlDU6uQBtqr4Eajni3wX7rpfXD8ysFx8z0+dri+KWEPWpBsxXfxu58x/0jvTVT1ekOSg==}

  text-decoder@1.2.7:
    resolution: {integrity: sha512-vlLytXkeP4xvEq2otHeJfSQIRyWxo/oZGEbXrtEEF9Hnmrdly59sUbzZ/QgyWuLYHctCHxFF4tRQZNQ9k60ExQ==}

  toidentifier@1.0.1:
    resolution: {integrity: sha512-o5sSPKEkg/DIQNmH43V0/uerLrpzVedkUh8tGNvaeXpfpuwjKenlSox/2O/BTlZUtEe+JG7s5YhEz608PlAHRA==}
    engines: {node: '>=0.6'}

  tsscmp@1.0.6:
    resolution: {integrity: sha512-LxhtAkPDTkVCMQjt2h6eBVY28KCjikZqZfMcC15YBeNjkgUpdCfBu5HoiOTDu86v6smE8yOjyEktJ8hlbANHQA==}
    engines: {node: '>=0.6.x'}

  undici@8.4.1:
    resolution: {integrity: sha512-RNHlB4fxZK0IrkhBsxhlbx7s8kFWwr7rzzOqj5nvZugw3ig3RsB7KW3zVlV0eu8POl+rx5d1hmL7rRg0z1owow==}
    engines: {node: '>=22.19.0'}

  unpipe@1.0.0:
    resolution: {integrity: sha512-pjy2bYhSsufwWlKwPc+l3cN7+wuJlK6uz0YdJEOlQDbl6jo/YlPi4mb8agUkVC8BF7V8NuzeyPNqRksA3hztKQ==}
    engines: {node: '>= 0.8'}

  util-deprecate@1.0.2:
    resolution: {integrity: sha512-EPD5q1uXyFxJpCrLnCc1nHnq3gOa6DZBocAIiI2TaSCA7VCJ1UJDMagCzIkXNsUYfD1daK//LTEQ8xiIbrHtcw==}

  ws@8.21.0:
    resolution: {integrity: sha512-Vsp28b7DRcimFQvrqu2Wek3z1iYxDCWqHYB8Qsnk/S4RfaCQzPGPyBNuVjJV3cd6UiKtUtp6sNM77gWvzcCH+g==}
    engines: {node: '>=10.0.0'}
    peerDependencies:
      bufferutil: ^4.0.1
      utf-8-validate: '>=5.0.2'
    peerDependenciesMeta:
      bufferutil:
        optional: true
      utf-8-validate:
        optional: true

  xml-js@1.6.11:
    resolution: {integrity: sha512-7rVi2KMfwfWFl+GpPg6m80IVMWXLRjO+PxTq7V2CDhoGak0wzYzFgUY2m4XJ47OGdXd8eLE8EmwfAmdjw7lC1g==}
    hasBin: true

  xregexp@5.1.2:
    resolution: {integrity: sha512-6hGgEMCGhqCTFEJbqmWrNIPqfpdirdGWkqshu7fFZddmTSfgv5Sn9D2SaKloR79s5VUiUlpwzg3CM3G6D3VIlw==}

  zip-stream@7.0.5:
    resolution: {integrity: sha512-dSvYKdvLsAHCDqPOhIwk/q5CvuWtTB3Dgpoe0uVEFjTzIOAmsQpprX25InCvrvJsirEbu1OHyy67n/kAj1Sw/w==}
    engines: {node: '>=18'}

snapshots:

  '@babel/runtime-corejs3@7.29.7':
    dependencies:
      core-js-pure: 3.49.0

  '@ioredis/commands@1.10.0': {}

  '@penpot/svgo@https://codeload.github.com/penpot/svgo/tar.gz/65b3a645df9edbe3c00acf4267dd06c2ca736021':
    dependencies:
      css-select: 7.0.0
      css-tree: 3.2.1
      csso: 5.0.5
      lodash: 4.18.1
      sax: 1.6.0

  abort-controller@3.0.0:
    dependencies:
      event-target-shim: 5.0.1

  archiver@8.0.0:
    dependencies:
      async: 3.2.6
      buffer-crc32: 1.0.0
      is-stream: 4.0.1
      lazystream: 1.0.1
      normalize-path: 3.0.0
      readable-stream: 4.7.0
      readdir-glob: 3.0.0
      tar-stream: 3.2.0
      zip-stream: 7.0.5
    transitivePeerDependencies:
      - bare-abort-controller
      - bare-buffer
      - react-native-b4a

  async@3.2.6: {}

  b4a@1.8.1: {}

  balanced-match@4.0.4: {}

  bare-events@2.9.1: {}

  bare-fs@4.7.2:
    dependencies:
      bare-events: 2.9.1
      bare-path: 3.0.1
      bare-stream: 2.13.1(bare-events@2.9.1)
      bare-url: 2.4.5
      fast-fifo: 1.3.2
    transitivePeerDependencies:
      - bare-abort-controller
      - react-native-b4a

  bare-os@3.9.1: {}

  bare-path@3.0.1:
    dependencies:
      bare-os: 3.9.1

  bare-stream@2.13.1(bare-events@2.9.1):
    dependencies:
      streamx: 2.27.0
      teex: 1.0.1
    optionalDependencies:
      bare-events: 2.9.1
    transitivePeerDependencies:
      - react-native-b4a

  bare-url@2.4.5:
    dependencies:
      bare-path: 3.0.1

  base64-js@1.5.1: {}

  boolbase@2.0.0: {}

  brace-expansion@5.0.6:
    dependencies:
      balanced-match: 4.0.4

  buffer-crc32@1.0.0: {}

  buffer-from@1.1.2: {}

  buffer@6.0.3:
    dependencies:
      base64-js: 1.5.1
      ieee754: 1.2.1

  bytes@3.1.2: {}

  cluster-key-slot@1.1.1: {}

  compress-commons@7.0.1:
    dependencies:
      crc-32: 1.2.2
      crc32-stream: 7.0.1
      is-stream: 4.0.1
      normalize-path: 3.0.0
      readable-stream: 4.7.0

  cookies@0.9.1:
    dependencies:
      depd: 2.0.0
      keygrip: 1.1.0

  core-js-pure@3.49.0: {}

  core-util-is@1.0.3: {}

  crc-32@1.2.2: {}

  crc32-stream@7.0.1:
    dependencies:
      crc-32: 1.2.2
      readable-stream: 4.7.0

  css-select@7.0.0:
    dependencies:
      boolbase: 2.0.0
      css-what: 8.0.0
      domhandler: 6.0.1
      domutils: 4.0.2
      nth-check: 3.0.1

  css-tree@2.2.1:
    dependencies:
      mdn-data: 2.0.28
      source-map-js: 1.2.1

  css-tree@3.2.1:
    dependencies:
      mdn-data: 2.27.1
      source-map-js: 1.2.1

  css-what@8.0.0: {}

  csso@5.0.5:
    dependencies:
      css-tree: 2.2.1

  date-fns@4.4.0: {}

  debug@4.4.3:
    dependencies:
      ms: 2.1.3

  denque@2.1.0: {}

  depd@2.0.0: {}

  dom-serializer@3.1.1:
    dependencies:
      domelementtype: 3.0.0
      domhandler: 6.0.1
      entities: 8.0.0

  domelementtype@3.0.0: {}

  domhandler@6.0.1:
    dependencies:
      domelementtype: 3.0.0

  domutils@4.0.2:
    dependencies:
      dom-serializer: 3.1.1
      domelementtype: 3.0.0
      domhandler: 6.0.1

  entities@8.0.0: {}

  event-target-shim@5.0.1: {}

  events-universal@1.0.1:
    dependencies:
      bare-events: 2.9.1
    transitivePeerDependencies:
      - bare-abort-controller

  events@3.3.0: {}

  fast-fifo@1.3.2: {}

  fsevents@2.3.2:
    optional: true

  generic-pool@3.9.0: {}

  http-errors@2.0.1:
    dependencies:
      depd: 2.0.0
      inherits: 2.0.4
      setprototypeof: 1.2.0
      statuses: 2.0.2
      toidentifier: 1.0.1

  iconv-lite@0.7.2:
    dependencies:
      safer-buffer: 2.1.2

  ieee754@1.2.1: {}

  inflation@2.1.0: {}

  inherits@2.0.4: {}

  ioredis@5.11.1:
    dependencies:
      '@ioredis/commands': 1.10.0
      cluster-key-slot: 1.1.1
      debug: 4.4.3
      denque: 2.1.0
      redis-errors: 1.2.0
      redis-parser: 3.0.0
      standard-as-callback: 2.1.0
    transitivePeerDependencies:
      - supports-color

  is-stream@4.0.1: {}

  isarray@1.0.0: {}

  keygrip@1.1.0:
    dependencies:
      tsscmp: 1.0.6

  lazystream@1.0.1:
    dependencies:
      readable-stream: 2.3.8

  lodash@4.18.1: {}

  mdn-data@2.0.28: {}

  mdn-data@2.27.1: {}

  minimatch@10.2.5:
    dependencies:
      brace-expansion: 5.0.6

  ms@2.1.3: {}

  normalize-path@3.0.0: {}

  nth-check@3.0.1:
    dependencies:
      boolbase: 2.0.0

  playwright-core@1.61.0: {}

  playwright@1.61.0:
    dependencies:
      playwright-core: 1.61.0
    optionalDependencies:
      fsevents: 2.3.2

  process-nextick-args@2.0.1: {}

  process@0.11.10: {}

  raw-body@3.0.2:
    dependencies:
      bytes: 3.1.2
      http-errors: 2.0.1
      iconv-lite: 0.7.2
      unpipe: 1.0.0

  readable-stream@2.3.8:
    dependencies:
      core-util-is: 1.0.3
      inherits: 2.0.4
      isarray: 1.0.0
      process-nextick-args: 2.0.1
      safe-buffer: 5.1.2
      string_decoder: 1.1.1
      util-deprecate: 1.0.2

  readable-stream@4.7.0:
    dependencies:
      abort-controller: 3.0.0
      buffer: 6.0.3
      events: 3.3.0
      process: 0.11.10
      string_decoder: 1.3.0

  readdir-glob@3.0.0:
    dependencies:
      minimatch: 10.2.5

  redis-errors@1.2.0: {}

  redis-parser@3.0.0:
    dependencies:
      redis-errors: 1.2.0

  safe-buffer@5.1.2: {}

  safe-buffer@5.2.1: {}

  safer-buffer@2.1.2: {}

  sax@1.6.0: {}

  setprototypeof@1.2.0: {}

  source-map-js@1.2.1: {}

  source-map-support@0.5.21:
    dependencies:
      buffer-from: 1.1.2
      source-map: 0.6.1

  source-map@0.6.1: {}

  standard-as-callback@2.1.0: {}

  statuses@2.0.2: {}

  streamx@2.27.0:
    dependencies:
      events-universal: 1.0.1
      fast-fifo: 1.3.2
      text-decoder: 1.2.7
    transitivePeerDependencies:
      - bare-abort-controller
      - react-native-b4a

  string_decoder@1.1.1:
    dependencies:
      safe-buffer: 5.1.2

  string_decoder@1.3.0:
    dependencies:
      safe-buffer: 5.2.1

  tar-stream@3.2.0:
    dependencies:
      b4a: 1.8.1
      bare-fs: 4.7.2
      fast-fifo: 1.3.2
      streamx: 2.27.0
    transitivePeerDependencies:
      - bare-abort-controller
      - bare-buffer
      - react-native-b4a

  teex@1.0.1:
    dependencies:
      streamx: 2.27.0
    transitivePeerDependencies:
      - bare-abort-controller
      - react-native-b4a

  text-decoder@1.2.7:
    dependencies:
      b4a: 1.8.1
    transitivePeerDependencies:
      - react-native-b4a

  toidentifier@1.0.1: {}

  tsscmp@1.0.6: {}

  undici@8.4.1: {}

  unpipe@1.0.0: {}

  util-deprecate@1.0.2: {}

  ws@8.21.0: {}

  xml-js@1.6.11:
    dependencies:
      sax: 1.6.0

  xregexp@5.1.2:
    dependencies:
      '@babel/runtime-corejs3': 7.29.7

  zip-stream@7.0.5:
    dependencies:
      compress-commons: 7.0.1
      normalize-path: 3.0.0
      readable-stream: 4.7.0
