lockfileVersion: '9.0'

settings:
  autoInstallPeers: true
  excludeLinksFromLockfile: false

importers:

  .:
    devDependencies:
      '@github/copilot':
        specifier: ^1.0.12
        version: 1.0.12
      '@types/node':
        specifier: ^20.12.7
        version: 20.19.37
      esbuild:
        specifier: ^0.27.4
        version: 0.27.4
      opencode-ai:
        specifier: ^1.3.7
        version: 1.3.7

packages:

  '@esbuild/aix-ppc64@0.27.4':
    resolution: {integrity: sha512-cQPwL2mp2nSmHHJlCyoXgHGhbEPMrEEU5xhkcy3Hs/O7nGZqEpZ2sUtLaL9MORLtDfRvVl2/3PAuEkYZH0Ty8Q==}
    engines: {node: '>=18'}
    cpu: [ppc64]
    os: [aix]

  '@esbuild/android-arm64@0.27.4':
    resolution: {integrity: sha512-gdLscB7v75wRfu7QSm/zg6Rx29VLdy9eTr2t44sfTW7CxwAtQghZ4ZnqHk3/ogz7xao0QAgrkradbBzcqFPasw==}
    engines: {node: '>=18'}
    cpu: [arm64]
    os: [android]

  '@esbuild/android-arm@0.27.4':
    resolution: {integrity: sha512-X9bUgvxiC8CHAGKYufLIHGXPJWnr0OCdR0anD2e21vdvgCI8lIfqFbnoeOz7lBjdrAGUhqLZLcQo6MLhTO2DKQ==}
    engines: {node: '>=18'}
    cpu: [arm]
    os: [android]

  '@esbuild/android-x64@0.27.4':
    resolution: {integrity: sha512-PzPFnBNVF292sfpfhiyiXCGSn9HZg5BcAz+ivBuSsl6Rk4ga1oEXAamhOXRFyMcjwr2DVtm40G65N3GLeH1Lvw==}
    engines: {node: '>=18'}
    cpu: [x64]
    os: [android]

  '@esbuild/darwin-arm64@0.27.4':
    resolution: {integrity: sha512-b7xaGIwdJlht8ZFCvMkpDN6uiSmnxxK56N2GDTMYPr2/gzvfdQN8rTfBsvVKmIVY/X7EM+/hJKEIbbHs9oA4tQ==}
    engines: {node: '>=18'}
    cpu: [arm64]
    os: [darwin]

  '@esbuild/darwin-x64@0.27.4':
    resolution: {integrity: sha512-sR+OiKLwd15nmCdqpXMnuJ9W2kpy0KigzqScqHI3Hqwr7IXxBp3Yva+yJwoqh7rE8V77tdoheRYataNKL4QrPw==}
    engines: {node: '>=18'}
    cpu: [x64]
    os: [darwin]

  '@esbuild/freebsd-arm64@0.27.4':
    resolution: {integrity: sha512-jnfpKe+p79tCnm4GVav68A7tUFeKQwQyLgESwEAUzyxk/TJr4QdGog9sqWNcUbr/bZt/O/HXouspuQDd9JxFSw==}
    engines: {node: '>=18'}
    cpu: [arm64]
    os: [freebsd]

  '@esbuild/freebsd-x64@0.27.4':
    resolution: {integrity: sha512-2kb4ceA/CpfUrIcTUl1wrP/9ad9Atrp5J94Lq69w7UwOMolPIGrfLSvAKJp0RTvkPPyn6CIWrNy13kyLikZRZQ==}
    engines: {node: '>=18'}
    cpu: [x64]
    os: [freebsd]

  '@esbuild/linux-arm64@0.27.4':
    resolution: {integrity: sha512-7nQOttdzVGth1iz57kxg9uCz57dxQLHWxopL6mYuYthohPKEK0vU0C3O21CcBK6KDlkYVcnDXY099HcCDXd9dA==}
    engines: {node: '>=18'}
    cpu: [arm64]
    os: [linux]

  '@esbuild/linux-arm@0.27.4':
    resolution: {integrity: sha512-aBYgcIxX/wd5n2ys0yESGeYMGF+pv6g0DhZr3G1ZG4jMfruU9Tl1i2Z+Wnj9/KjGz1lTLCcorqE2viePZqj4Eg==}
    engines: {node: '>=18'}
    cpu: [arm]
    os: [linux]

  '@esbuild/linux-ia32@0.27.4':
    resolution: {integrity: sha512-oPtixtAIzgvzYcKBQM/qZ3R+9TEUd1aNJQu0HhGyqtx6oS7qTpvjheIWBbes4+qu1bNlo2V4cbkISr8q6gRBFA==}
    engines: {node: '>=18'}
    cpu: [ia32]
    os: [linux]

  '@esbuild/linux-loong64@0.27.4':
    resolution: {integrity: sha512-8mL/vh8qeCoRcFH2nM8wm5uJP+ZcVYGGayMavi8GmRJjuI3g1v6Z7Ni0JJKAJW+m0EtUuARb6Lmp4hMjzCBWzA==}
    engines: {node: '>=18'}
    cpu: [loong64]
    os: [linux]

  '@esbuild/linux-mips64el@0.27.4':
    resolution: {integrity: sha512-1RdrWFFiiLIW7LQq9Q2NES+HiD4NyT8Itj9AUeCl0IVCA459WnPhREKgwrpaIfTOe+/2rdntisegiPWn/r/aAw==}
    engines: {node: '>=18'}
    cpu: [mips64el]
    os: [linux]

  '@esbuild/linux-ppc64@0.27.4':
    resolution: {integrity: sha512-tLCwNG47l3sd9lpfyx9LAGEGItCUeRCWeAx6x2Jmbav65nAwoPXfewtAdtbtit/pJFLUWOhpv0FpS6GQAmPrHA==}
    engines: {node: '>=18'}
    cpu: [ppc64]
    os: [linux]

  '@esbuild/linux-riscv64@0.27.4':
    resolution: {integrity: sha512-BnASypppbUWyqjd1KIpU4AUBiIhVr6YlHx/cnPgqEkNoVOhHg+YiSVxM1RLfiy4t9cAulbRGTNCKOcqHrEQLIw==}
    engines: {node: '>=18'}
    cpu: [riscv64]
    os: [linux]

  '@esbuild/linux-s390x@0.27.4':
    resolution: {integrity: sha512-+eUqgb/Z7vxVLezG8bVB9SfBie89gMueS+I0xYh2tJdw3vqA/0ImZJ2ROeWwVJN59ihBeZ7Tu92dF/5dy5FttA==}
    engines: {node: '>=18'}
    cpu: [s390x]
    os: [linux]

  '@esbuild/linux-x64@0.27.4':
    resolution: {integrity: sha512-S5qOXrKV8BQEzJPVxAwnryi2+Iq5pB40gTEIT69BQONqR7JH1EPIcQ/Uiv9mCnn05jff9umq/5nqzxlqTOg9NA==}
    engines: {node: '>=18'}
    cpu: [x64]
    os: [linux]

  '@esbuild/netbsd-arm64@0.27.4':
    resolution: {integrity: sha512-xHT8X4sb0GS8qTqiwzHqpY00C95DPAq7nAwX35Ie/s+LO9830hrMd3oX0ZMKLvy7vsonee73x0lmcdOVXFzd6Q==}
    engines: {node: '>=18'}
    cpu: [arm64]
    os: [netbsd]

  '@esbuild/netbsd-x64@0.27.4':
    resolution: {integrity: sha512-RugOvOdXfdyi5Tyv40kgQnI0byv66BFgAqjdgtAKqHoZTbTF2QqfQrFwa7cHEORJf6X2ht+l9ABLMP0dnKYsgg==}
    engines: {node: '>=18'}
    cpu: [x64]
    os: [netbsd]

  '@esbuild/openbsd-arm64@0.27.4':
    resolution: {integrity: sha512-2MyL3IAaTX+1/qP0O1SwskwcwCoOI4kV2IBX1xYnDDqthmq5ArrW94qSIKCAuRraMgPOmG0RDTA74mzYNQA9ow==}
    engines: {node: '>=18'}
    cpu: [arm64]
    os: [openbsd]

  '@esbuild/openbsd-x64@0.27.4':
    resolution: {integrity: sha512-u8fg/jQ5aQDfsnIV6+KwLOf1CmJnfu1ShpwqdwC0uA7ZPwFws55Ngc12vBdeUdnuWoQYx/SOQLGDcdlfXhYmXQ==}
    engines: {node: '>=18'}
    cpu: [x64]
    os: [openbsd]

  '@esbuild/openharmony-arm64@0.27.4':
    resolution: {integrity: sha512-JkTZrl6VbyO8lDQO3yv26nNr2RM2yZzNrNHEsj9bm6dOwwu9OYN28CjzZkH57bh4w0I2F7IodpQvUAEd1mbWXg==}
    engines: {node: '>=18'}
    cpu: [arm64]
    os: [openharmony]

  '@esbuild/sunos-x64@0.27.4':
    resolution: {integrity: sha512-/gOzgaewZJfeJTlsWhvUEmUG4tWEY2Spp5M20INYRg2ZKl9QPO3QEEgPeRtLjEWSW8FilRNacPOg8R1uaYkA6g==}
    engines: {node: '>=18'}
    cpu: [x64]
    os: [sunos]

  '@esbuild/win32-arm64@0.27.4':
    resolution: {integrity: sha512-Z9SExBg2y32smoDQdf1HRwHRt6vAHLXcxD2uGgO/v2jK7Y718Ix4ndsbNMU/+1Qiem9OiOdaqitioZwxivhXYg==}
    engines: {node: '>=18'}
    cpu: [arm64]
    os: [win32]

  '@esbuild/win32-ia32@0.27.4':
    resolution: {integrity: sha512-DAyGLS0Jz5G5iixEbMHi5KdiApqHBWMGzTtMiJ72ZOLhbu/bzxgAe8Ue8CTS3n3HbIUHQz/L51yMdGMeoxXNJw==}
    engines: {node: '>=18'}
    cpu: [ia32]
    os: [win32]

  '@esbuild/win32-x64@0.27.4':
    resolution: {integrity: sha512-+knoa0BDoeXgkNvvV1vvbZX4+hizelrkwmGJBdT17t8FNPwG2lKemmuMZlmaNQ3ws3DKKCxpb4zRZEIp3UxFCg==}
    engines: {node: '>=18'}
    cpu: [x64]
    os: [win32]

  '@github/copilot-darwin-arm64@1.0.12':
    resolution: {integrity: sha512-fjbwRIUZAH06Eyg5ZkfZXg8SVXpqI3HaFhtXZ803CZs9mfIgfOSR3URZxUnv7SIv6aI/7f6ws8RxKnPGavJ/tg==}
    cpu: [arm64]
    os: [darwin]
    hasBin: true

  '@github/copilot-darwin-x64@1.0.12':
    resolution: {integrity: sha512-/tJGJEEm8kpTW/sJRNnvhMSHKIHApNun14biuIkC5CXDqVgFakbKlckn/FlIkT48eEUysc0YbEatrHIDz/8XbA==}
    cpu: [x64]
    os: [darwin]
    hasBin: true

  '@github/copilot-linux-arm64@1.0.12':
    resolution: {integrity: sha512-4977LVJi3/9Yc+ivj+VKDVtHg0kT5yqOrN8F35/jgqerx4Mdtk1pOMlWztXxLicBHN4y2V7/EY/wc0WqFW0Zvg==}
    cpu: [arm64]
    os: [linux]
    hasBin: true

  '@github/copilot-linux-x64@1.0.12':
    resolution: {integrity: sha512-9QevJZD29PVltYDV4xHWbdN6ud/966clERL5Frh2+9D3+spaVDO1hFllzoFiEwD/M4f2GkSh7/fT3hV0LKl9Ag==}
    cpu: [x64]
    os: [linux]
    hasBin: true

  '@github/copilot-win32-arm64@1.0.12':
    resolution: {integrity: sha512-RLAbAsLniI8vA2utgZdIsvD8slZpz1fb8l6cmIiQvDE/BwQb2zNV9VepZ+CwzYtNx9ifxBtgIwYwUJq5bxeSaQ==}
    cpu: [arm64]
    os: [win32]
    hasBin: true

  '@github/copilot-win32-x64@1.0.12':
    resolution: {integrity: sha512-4SYV09F4Sw20DAib1do26+ALZmCZrghzo+5e6IZbQOsm4B7NhBFaLpKFU+kEijfmWacLlh/at5CpGGGKlwlbcg==}
    cpu: [x64]
    os: [win32]
    hasBin: true

  '@github/copilot@1.0.12':
    resolution: {integrity: sha512-GpmoJbs1ECyLLKtY4PcFzO8Cz6GgDTOKkrzwNdkirNdfsB+o6x0OOlFyrOdNXNPII7pk9+GcpIjF87sLwWzpPQ==}
    hasBin: true

  '@types/node@20.19.37':
    resolution: {integrity: sha512-8kzdPJ3FsNsVIurqBs7oodNnCEVbni9yUEkaHbgptDACOPW04jimGagZ51E6+lXUwJjgnBw+hyko/lkFWCldqw==}

  esbuild@0.27.4:
    resolution: {integrity: sha512-Rq4vbHnYkK5fws5NF7MYTU68FPRE1ajX7heQ/8QXXWqNgqqJ/GkmmyxIzUnf2Sr/bakf8l54716CcMGHYhMrrQ==}
    engines: {node: '>=18'}
    hasBin: true

  opencode-ai@1.3.7:
    resolution: {integrity: sha512-AtqTOcPvHkAF/zPGs/08/8m2DeiWADCGhT/WAJ1drGem4WdPOt45jkJLPdOCheN1gqmLxTcNV0veKFVHmbjKKQ==}
    hasBin: true

  opencode-darwin-arm64@1.3.7:
    resolution: {integrity: sha512-TRglBnrSzeR9pEFV8Z1ACqhD3r3WYl8v1y9TkgvHviTD/EXGL3Nu7f/fy3XOQprPGSLPyrlOwZXb1i9XrfTo1A==}
    cpu: [arm64]
    os: [darwin]

  opencode-darwin-x64-baseline@1.3.7:
    resolution: {integrity: sha512-YLl+peZIC1m295JNSMzM/NM5uNs2GVewZply2GV3P6WApS5JuRIaMNvzOk7jpL90yt6pur6oEwC8g0WWwP8G4A==}
    cpu: [x64]
    os: [darwin]

  opencode-darwin-x64@1.3.7:
    resolution: {integrity: sha512-Nsyh3vLAqqfVyWD4qrcyRJit+CmZZpm6IdXTk9wo1hUAE/RmYIBDz1To99ZBwA3SJB1fLrciYicMN2uq8r1XNw==}
    cpu: [x64]
    os: [darwin]

  opencode-linux-arm64-musl@1.3.7:
    resolution: {integrity: sha512-D4gCn7oVLCc3xN0BSJOfYerCr1E1ktUkixfHQEmkoR1CLZ77Z/aHSgcm0Ln01Q+ie6MsVukvuyUQn9GEY1Dn/A==}
    cpu: [arm64]
    os: [linux]

  opencode-linux-arm64@1.3.7:
    resolution: {integrity: sha512-72OnT20wIhkXMGclmw7S+d8JjIb9lx8pPIW8pkyI79+qxLTp6AuTHsmUG/qDhw3NMtVDs9efAb0C/FjLXATeAA==}
    cpu: [arm64]
    os: [linux]

  opencode-linux-x64-baseline-musl@1.3.7:
    resolution: {integrity: sha512-DE8eqPF2benmdzUdMG+rnr0J3DtrP+x8sUzq7gecuNnU4iHo4s8Itx+gCLP978ZBdYwTkNRtNZ5BKN0ePT5KYQ==}
    cpu: [x64]
    os: [linux]

  opencode-linux-x64-baseline@1.3.7:
    resolution: {integrity: sha512-Aztdiq0U6H8Nww7mmARK/ZGkllTrePuyEEdzg2+0LWfUpDO5Cl/pMJ8btqVtTjfb/pLw+BU3JtYxw8oOhRkl/A==}
    cpu: [x64]
    os: [linux]

  opencode-linux-x64-musl@1.3.7:
    resolution: {integrity: sha512-L0ohQAbw1Ib1koawV/yJAYIGIel2zMPafbdeMXELIvpes3Sq9qIfCSRB/2ROu8gjN8P1TGnUU6Vx1F3MtJOvIA==}
    cpu: [x64]
    os: [linux]

  opencode-linux-x64@1.3.7:
    resolution: {integrity: sha512-rCFXrgDLhPuHazomDgzBXGLE0wJ4VRHrIe26WCHm4iqmGu9O6ExZd612Y07/CGQm4bVBHlaalcWh7N/z6GOPkA==}
    cpu: [x64]
    os: [linux]

  opencode-windows-arm64@1.3.7:
    resolution: {integrity: sha512-s6emZ28ORIMtKyrBKvo96q2qanRwbjPHK/rOMinZ22SW7DLzNKKf1p92JMkSni0dXXGL64jsy1se5IvELc7Mvg==}
    cpu: [arm64]
    os: [win32]

  opencode-windows-x64-baseline@1.3.7:
    resolution: {integrity: sha512-CGbhvn9rMXV4xEjw1lxPFbsWuOPf/xJ1AAblqKsF2VmSbqe25QG5VIf88hsJo8YmYIHz6U7tNGI4lTF1zVx9cw==}
    cpu: [x64]
    os: [win32]

  opencode-windows-x64@1.3.7:
    resolution: {integrity: sha512-q7V9p10Q7BH03tnYMG4k6B1ZXLDriDMtXkkw+NW1p22F7dQ22WmaMoCWnv3d4b2vNyjMjIYuPm97q0v02QI08w==}
    cpu: [x64]
    os: [win32]

  undici-types@6.21.0:
    resolution: {integrity: sha512-iwDZqg0QAGrg9Rav5H4n0M64c3mkR59cJ6wQp+7C4nI0gsmExaedaYLNO44eT4AtBBwjbTiGPMlt2Md0T9H9JQ==}

snapshots:

  '@esbuild/aix-ppc64@0.27.4':
    optional: true

  '@esbuild/android-arm64@0.27.4':
    optional: true

  '@esbuild/android-arm@0.27.4':
    optional: true

  '@esbuild/android-x64@0.27.4':
    optional: true

  '@esbuild/darwin-arm64@0.27.4':
    optional: true

  '@esbuild/darwin-x64@0.27.4':
    optional: true

  '@esbuild/freebsd-arm64@0.27.4':
    optional: true

  '@esbuild/freebsd-x64@0.27.4':
    optional: true

  '@esbuild/linux-arm64@0.27.4':
    optional: true

  '@esbuild/linux-arm@0.27.4':
    optional: true

  '@esbuild/linux-ia32@0.27.4':
    optional: true

  '@esbuild/linux-loong64@0.27.4':
    optional: true

  '@esbuild/linux-mips64el@0.27.4':
    optional: true

  '@esbuild/linux-ppc64@0.27.4':
    optional: true

  '@esbuild/linux-riscv64@0.27.4':
    optional: true

  '@esbuild/linux-s390x@0.27.4':
    optional: true

  '@esbuild/linux-x64@0.27.4':
    optional: true

  '@esbuild/netbsd-arm64@0.27.4':
    optional: true

  '@esbuild/netbsd-x64@0.27.4':
    optional: true

  '@esbuild/openbsd-arm64@0.27.4':
    optional: true

  '@esbuild/openbsd-x64@0.27.4':
    optional: true

  '@esbuild/openharmony-arm64@0.27.4':
    optional: true

  '@esbuild/sunos-x64@0.27.4':
    optional: true

  '@esbuild/win32-arm64@0.27.4':
    optional: true

  '@esbuild/win32-ia32@0.27.4':
    optional: true

  '@esbuild/win32-x64@0.27.4':
    optional: true

  '@github/copilot-darwin-arm64@1.0.12':
    optional: true

  '@github/copilot-darwin-x64@1.0.12':
    optional: true

  '@github/copilot-linux-arm64@1.0.12':
    optional: true

  '@github/copilot-linux-x64@1.0.12':
    optional: true

  '@github/copilot-win32-arm64@1.0.12':
    optional: true

  '@github/copilot-win32-x64@1.0.12':
    optional: true

  '@github/copilot@1.0.12':
    optionalDependencies:
      '@github/copilot-darwin-arm64': 1.0.12
      '@github/copilot-darwin-x64': 1.0.12
      '@github/copilot-linux-arm64': 1.0.12
      '@github/copilot-linux-x64': 1.0.12
      '@github/copilot-win32-arm64': 1.0.12
      '@github/copilot-win32-x64': 1.0.12

  '@types/node@20.19.37':
    dependencies:
      undici-types: 6.21.0

  esbuild@0.27.4:
    optionalDependencies:
      '@esbuild/aix-ppc64': 0.27.4
      '@esbuild/android-arm': 0.27.4
      '@esbuild/android-arm64': 0.27.4
      '@esbuild/android-x64': 0.27.4
      '@esbuild/darwin-arm64': 0.27.4
      '@esbuild/darwin-x64': 0.27.4
      '@esbuild/freebsd-arm64': 0.27.4
      '@esbuild/freebsd-x64': 0.27.4
      '@esbuild/linux-arm': 0.27.4
      '@esbuild/linux-arm64': 0.27.4
      '@esbuild/linux-ia32': 0.27.4
      '@esbuild/linux-loong64': 0.27.4
      '@esbuild/linux-mips64el': 0.27.4
      '@esbuild/linux-ppc64': 0.27.4
      '@esbuild/linux-riscv64': 0.27.4
      '@esbuild/linux-s390x': 0.27.4
      '@esbuild/linux-x64': 0.27.4
      '@esbuild/netbsd-arm64': 0.27.4
      '@esbuild/netbsd-x64': 0.27.4
      '@esbuild/openbsd-arm64': 0.27.4
      '@esbuild/openbsd-x64': 0.27.4
      '@esbuild/openharmony-arm64': 0.27.4
      '@esbuild/sunos-x64': 0.27.4
      '@esbuild/win32-arm64': 0.27.4
      '@esbuild/win32-ia32': 0.27.4
      '@esbuild/win32-x64': 0.27.4

  opencode-ai@1.3.7:
    optionalDependencies:
      opencode-darwin-arm64: 1.3.7
      opencode-darwin-x64: 1.3.7
      opencode-darwin-x64-baseline: 1.3.7
      opencode-linux-arm64: 1.3.7
      opencode-linux-arm64-musl: 1.3.7
      opencode-linux-x64: 1.3.7
      opencode-linux-x64-baseline: 1.3.7
      opencode-linux-x64-baseline-musl: 1.3.7
      opencode-linux-x64-musl: 1.3.7
      opencode-windows-arm64: 1.3.7
      opencode-windows-x64: 1.3.7
      opencode-windows-x64-baseline: 1.3.7

  opencode-darwin-arm64@1.3.7:
    optional: true

  opencode-darwin-x64-baseline@1.3.7:
    optional: true

  opencode-darwin-x64@1.3.7:
    optional: true

  opencode-linux-arm64-musl@1.3.7:
    optional: true

  opencode-linux-arm64@1.3.7:
    optional: true

  opencode-linux-x64-baseline-musl@1.3.7:
    optional: true

  opencode-linux-x64-baseline@1.3.7:
    optional: true

  opencode-linux-x64-musl@1.3.7:
    optional: true

  opencode-linux-x64@1.3.7:
    optional: true

  opencode-windows-arm64@1.3.7:
    optional: true

  opencode-windows-x64-baseline@1.3.7:
    optional: true

  opencode-windows-x64@1.3.7:
    optional: true

  undici-types@6.21.0: {}
